
Microsoft Visual Studio Solution File, Format Version 12.00
# Visual Studio Version 17
VisualStudioVersion = 17.0.31903.59
MinimumVisualStudioVersion = 10.0.40219.1
Project("{9A19103F-16F7-4668-BE54-9A1E7A4F7556}") = "LumiaFoundation", "LumiaFoundation\LumiaFoundation.csproj", "{93E4CDEB-EA3B-47C8-93B5-58CB93EC46E9}"
EndProject
Project("{9A19103F-16F7-4668-BE54-9A1E7A4F7556}") = "LumiaFoundation.EFRepository", "LumiaFoundation.EFRepository\LumiaFoundation.EFRepository.csproj", "{1F13F8EF-9858-4EFC-A0CD-EE5E8E249656}"
EndProject
Project("{FAE04EC0-301F-11D3-BF4B-00C04F79EFBC}") = "LumiaFoundation.Logger", "LumiaFoundation.Logger\LumiaFoundation.Logger.csproj", "{1E65C958-87C8-4F70-A293-989108E477E8}"
EndProject
Global
	GlobalSection(SolutionConfigurationPlatforms) = preSolution
		Debug|Any CPU = Debug|Any CPU
		Release|Any CPU = Release|Any CPU
	EndGlobalSection
	GlobalSection(ProjectConfigurationPlatforms) = postSolution
		{93E4CDEB-EA3B-47C8-93B5-58CB93EC46E9}.Debug|Any CPU.ActiveCfg = Debug|Any CPU
		{93E4CDEB-EA3B-47C8-93B5-58CB93EC46E9}.Debug|Any CPU.Build.0 = Debug|Any CPU
		{93E4CDEB-EA3B-47C8-93B5-58CB93EC46E9}.Release|Any CPU.ActiveCfg = Release|Any CPU
		{93E4CDEB-EA3B-47C8-93B5-58CB93EC46E9}.Release|Any CPU.Build.0 = Release|Any CPU
		{1F13F8EF-9858-4EFC-A0CD-EE5E8E249656}.Debug|Any CPU.ActiveCfg = Debug|Any CPU
		{1F13F8EF-9858-4EFC-A0CD-EE5E8E249656}.Debug|Any CPU.Build.0 = Debug|Any CPU
		{1F13F8EF-9858-4EFC-A0CD-EE5E8E249656}.Release|Any CPU.ActiveCfg = Release|Any CPU
		{1F13F8EF-9858-4EFC-A0CD-EE5E8E249656}.Release|Any CPU.Build.0 = Release|Any CPU
		{1E65C958-87C8-4F70-A293-989108E477E8}.Debug|Any CPU.ActiveCfg = Debug|Any CPU
		{1E65C958-87C8-4F70-A293-989108E477E8}.Debug|Any CPU.Build.0 = Debug|Any CPU
		{1E65C958-87C8-4F70-A293-989108E477E8}.Release|Any CPU.ActiveCfg = Release|Any CPU
		{1E65C958-87C8-4F70-A293-989108E477E8}.Release|Any CPU.Build.0 = Release|Any CPU
	EndGlobalSection
	GlobalSection(SolutionProperties) = preSolution
		HideSolutionNode = FALSE
	EndGlobalSection
EndGlobal
